<?xml version="1.0" encoding="utf-8"?>
<Project ToolsVersion="4.0" xmlns="http://schemas.microsoft.com/developer/msbuild/2003">
  <ItemGroup>
    <ClCompile Include="main.cpp" />
    <ClCompile Include="Logic\Base.cpp">
      <Filter>Logic</Filter>
    </ClCompile>
    <ClCompile Include="Logic\Factory.cpp">
      <Filter>Logic</Filter>
    </ClCompile>
    <ClCompile Include="Logic\LevelRenderer.cpp">
      <Filter>Logic</Filter>
    </ClCompile>
    <ClCompile Include="Logic\Player.cpp">
      <Filter>Logic</Filter>
    </ClCompile>
    <ClCompile Include="Logic\Robot.cpp">
      <Filter>Logic</Filter>
    </ClCompile>
    <ClCompile Include="Model\Helper\GeoHelper.cpp">
      <Filter>Model\Helper</Filter>
    </ClCompile>
    <ClCompile Include="Model\Buildings\BaseModel.cpp">
      <Filter>Model\Buildings</Filter>
    </ClCompile>
    <ClCompile Include="Model\Buildings\FactoryModel.cpp">
      <Filter>Model\Buildings</Filter>
    </ClCompile>
    <ClCompile Include="Model\Player\AntennaModel.cpp">
      <Filter>Model\Player</Filter>
    </ClCompile>
    <ClCompile Include="Model\Player\PlayerModel.cpp">
      <Filter>Model\Player</Filter>
    </ClCompile>
    <ClCompile Include="Model\Static\FenceModel.cpp">
      <Filter>Model\Static</Filter>
    </ClCompile>
    <ClCompile Include="Model\Static\GrassModel.cpp">
      <Filter>Model\Static</Filter>
    </ClCompile>
    <ClCompile Include="Model\Static\HalfHollowBlockModel.cpp">
      <Filter>Model\Static</Filter>
    </ClCompile>
    <ClCompile Include="Model\Static\HalfPlainBlockModel.cpp">
      <Filter>Model\Static</Filter>
    </ClCompile>
    <ClCompile Include="Model\Static\HillsModel.cpp">
      <Filter>Model\Static</Filter>
    </ClCompile>
    <ClCompile Include="Model\Static\HollowBlockModel.cpp">
      <Filter>Model\Static</Filter>
    </ClCompile>
    <ClCompile Include="Model\Static\LightRubbleModel.cpp">
      <Filter>Model\Static</Filter>
    </ClCompile>
    <ClCompile Include="Model\Static\MountainModel.cpp">
      <Filter>Model\Static</Filter>
    </ClCompile>
    <ClCompile Include="Model\Static\PitModel.cpp">
      <Filter>Model\Static</Filter>
    </ClCompile>
    <ClCompile Include="Model\Static\PlainBlockModel.cpp">
      <Filter>Model\Static</Filter>
    </ClCompile>
    <ClCompile Include="Model\Static\TeamNumberModel.cpp">
      <Filter>Model\Static</Filter>
    </ClCompile>
    <ClCompile Include="Model\Robot\AntiGravModel.cpp">
      <Filter>Model\Robot</Filter>
    </ClCompile>
    <ClCompile Include="Model\Robot\BipodModel.cpp">
      <Filter>Model\Robot</Filter>
    </ClCompile>
    <ClCompile Include="Model\Robot\CannonModel.cpp">
      <Filter>Model\Robot</Filter>
    </ClCompile>
    <ClCompile Include="Model\Robot\ElectronicsModel.cpp">
      <Filter>Model\Robot</Filter>
    </ClCompile>
    <ClCompile Include="Model\Robot\MissileLauncherModel.cpp">
      <Filter>Model\Robot</Filter>
    </ClCompile>
    <ClCompile Include="Model\Robot\NuclearModel.cpp">
      <Filter>Model\Robot</Filter>
    </ClCompile>
    <ClCompile Include="Model\Robot\PhaserModel.cpp">
      <Filter>Model\Robot</Filter>
    </ClCompile>
    <ClCompile Include="Model\Robot\TracksModel.cpp">
      <Filter>Model\Robot</Filter>
    </ClCompile>
    <ClCompile Include="Model\Model.cpp">
      <Filter>Model</Filter>
    </ClCompile>
    <ClCompile Include="Logic\Camera.cpp">
      <Filter>Logic</Filter>
    </ClCompile>
    <ClCompile Include="Logic\CommanderCamera.cpp">
      <Filter>Logic</Filter>
    </ClCompile>
    <ClCompile Include="Logic\FreeLookCamera.cpp">
      <Filter>Logic</Filter>
    </ClCompile>
    <ClCompile Include="Logic\Game.cpp">
      <Filter>Logic</Filter>
    </ClCompile>
    <ClCompile Include="Logic\PlayerInput.cpp">
      <Filter>Logic</Filter>
    </ClCompile>
    <ClCompile Include="Helper\AntTweakHelper.cpp">
      <Filter>Helper</Filter>
    </ClCompile>
    <ClCompile Include="Model\Light\LightPost.cpp">
      <Filter>Model\Light</Filter>
    </ClCompile>
    <ClCompile Include="Logic\SpotLight.cpp">
      <Filter>Logic</Filter>
    </ClCompile>
    <ClCompile Include="Logic\CirclingCamera.cpp">
      <Filter>Logic</Filter>
    </ClCompile>
    <ClCompile Include="Model\Robot\HeadlightModel.cpp">
      <Filter>Model\Robot</Filter>
    </ClCompile>
    <ClCompile Include="Logic\RobotCamera.cpp">
      <Filter>Logic</Filter>
    </ClCompile>
    <ClCompile Include="Model\Material\DefaultMaterial.cpp">
      <Filter>Model\Material</Filter>
    </ClCompile>
    <ClCompile Include="Model\Material\Material.cpp">
      <Filter>Model\Material</Filter>
    </ClCompile>
    <ClCompile Include="Model\Material\MetalMaterial.cpp">
      <Filter>Model\Material</Filter>
    </ClCompile>
    <ClCompile Include="Model\Material\OrganicMaterial.cpp">
      <Filter>Model\Material</Filter>
    </ClCompile>
    <ClCompile Include="Model\Material\RockMaterial.cpp">
      <Filter>Model\Material</Filter>
    </ClCompile>
    <ClCompile Include="Logic\LightCamera.cpp">
      <Filter>Logic</Filter>
    </ClCompile>
    <ClCompile Include="Helper\DirectoryManipHelper.cpp">
      <Filter>Helper</Filter>
    </ClCompile>
    <ClCompile Include="Managers\TextureManager.cpp">
      <Filter>Managers</Filter>
    </ClCompile>
  </ItemGroup>
  <ItemGroup>
    <ClInclude Include="Logic\Base.h">
      <Filter>Logic</Filter>
    </ClInclude>
    <ClInclude Include="Logic\Factory.h">
      <Filter>Logic</Filter>
    </ClInclude>
    <ClInclude Include="Logic\LevelRenderer.h">
      <Filter>Logic</Filter>
    </ClInclude>
    <ClInclude Include="Logic\Player.h">
      <Filter>Logic</Filter>
    </ClInclude>
    <ClInclude Include="Logic\Robot.h">
      <Filter>Logic</Filter>
    </ClInclude>
    <ClInclude Include="Model\Helper\GeoHelper.h">
      <Filter>Model\Helper</Filter>
    </ClInclude>
    <ClInclude Include="Model\Buildings\BaseModel.h">
      <Filter>Model\Buildings</Filter>
    </ClInclude>
    <ClInclude Include="Model\Buildings\FactoryModel.h">
      <Filter>Model\Buildings</Filter>
    </ClInclude>
    <ClInclude Include="Model\Player\AntennaModel.h">
      <Filter>Model\Player</Filter>
    </ClInclude>
    <ClInclude Include="Model\Player\PlayerModel.h">
      <Filter>Model\Player</Filter>
    </ClInclude>
    <ClInclude Include="Model\Static\FenceModel.h">
      <Filter>Model\Static</Filter>
    </ClInclude>
    <ClInclude Include="Model\Static\GrassModel.h">
      <Filter>Model\Static</Filter>
    </ClInclude>
    <ClInclude Include="Model\Static\HalfHollowBlockModel.h">
      <Filter>Model\Static</Filter>
    </ClInclude>
    <ClInclude Include="Model\Static\HalfPlainBlockModel.h">
      <Filter>Model\Static</Filter>
    </ClInclude>
    <ClInclude Include="Model\Static\HillsModel.h">
      <Filter>Model\Static</Filter>
    </ClInclude>
    <ClInclude Include="Model\Static\HollowBlockModel.h">
      <Filter>Model\Static</Filter>
    </ClInclude>
    <ClInclude Include="Model\Static\LightRubbleModel.h">
      <Filter>Model\Static</Filter>
    </ClInclude>
    <ClInclude Include="Model\Static\MountainModel.h">
      <Filter>Model\Static</Filter>
    </ClInclude>
    <ClInclude Include="Model\Static\PitModel.h">
      <Filter>Model\Static</Filter>
    </ClInclude>
    <ClInclude Include="Model\Static\PlainBlockModel.h">
      <Filter>Model\Static</Filter>
    </ClInclude>
    <ClInclude Include="Model\Static\TeamNumberModel.h">
      <Filter>Model\Static</Filter>
    </ClInclude>
    <ClInclude Include="Model\Robot\AntiGravModel.h">
      <Filter>Model\Robot</Filter>
    </ClInclude>
    <ClInclude Include="Model\Robot\BipodModel.h">
      <Filter>Model\Robot</Filter>
    </ClInclude>
    <ClInclude Include="Model\Robot\CannonModel.h">
      <Filter>Model\Robot</Filter>
    </ClInclude>
    <ClInclude Include="Model\Robot\ElectronicsModel.h">
      <Filter>Model\Robot</Filter>
    </ClInclude>
    <ClInclude Include="Model\Robot\MissileLauncherModel.h">
      <Filter>Model\Robot</Filter>
    </ClInclude>
    <ClInclude Include="Model\Robot\NuclearModel.h">
      <Filter>Model\Robot</Filter>
    </ClInclude>
    <ClInclude Include="Model\Robot\PhaserModel.h">
      <Filter>Model\Robot</Filter>
    </ClInclude>
    <ClInclude Include="Model\Robot\TracksModel.h">
      <Filter>Model\Robot</Filter>
    </ClInclude>
    <ClInclude Include="Model\Model.h">
      <Filter>Model</Filter>
    </ClInclude>
    <ClInclude Include="Logic\Camera.h">
      <Filter>Logic</Filter>
    </ClInclude>
    <ClInclude Include="Logic\CommanderCamera.h">
      <Filter>Logic</Filter>
    </ClInclude>
    <ClInclude Include="Logic\FreeLookCamera.h">
      <Filter>Logic</Filter>
    </ClInclude>
    <ClInclude Include="Logic\Game.h">
      <Filter>Logic</Filter>
    </ClInclude>
    <ClInclude Include="Logic\PlayerInput.h">
      <Filter>Logic</Filter>
    </ClInclude>
    <ClInclude Include="Helper\AntTweakHelper.h">
      <Filter>Helper</Filter>
    </ClInclude>
    <ClInclude Include="Model\Light\LightPost.h">
      <Filter>Model\Light</Filter>
    </ClInclude>
    <ClInclude Include="Logic\SpotLight.h">
      <Filter>Logic</Filter>
    </ClInclude>
    <ClInclude Include="Logic\CirclingCamera.h">
      <Filter>Logic</Filter>
    </ClInclude>
    <ClInclude Include="Model\Robot\HeadlightModel.h">
      <Filter>Model\Robot</Filter>
    </ClInclude>
    <ClInclude Include="Logic\RobotCamera.h">
      <Filter>Logic</Filter>
    </ClInclude>
    <ClInclude Include="Model\Material\DefaultMaterial.h">
      <Filter>Model\Material</Filter>
    </ClInclude>
    <ClInclude Include="Model\Material\Material.h">
      <Filter>Model\Material</Filter>
    </ClInclude>
    <ClInclude Include="Model\Material\MetalMaterial.h">
      <Filter>Model\Material</Filter>
    </ClInclude>
    <ClInclude Include="Model\Material\OrganicMaterial.h">
      <Filter>Model\Material</Filter>
    </ClInclude>
    <ClInclude Include="Model\Material\RockMaterial.h">
      <Filter>Model\Material</Filter>
    </ClInclude>
    <ClInclude Include="Logic\LightCamera.h">
      <Filter>Logic</Filter>
    </ClInclude>
    <ClInclude Include="Helper\DirectoryManipHelper.h">
      <Filter>Helper</Filter>
    </ClInclude>
    <ClInclude Include="Managers\TextureManager.h">
      <Filter>Managers</Filter>
    </ClInclude>
  </ItemGroup>
  <ItemGroup>
    <Filter Include="Model">
      <UniqueIdentifier>{f28a1f67-d6d5-45b6-83fc-b8ebe7d1cbab}</UniqueIdentifier>
    </Filter>
    <Filter Include="Logic">
      <UniqueIdentifier>{a4e0d1d8-039e-4804-bae3-a48692c36326}</UniqueIdentifier>
    </Filter>
    <Filter Include="Model\Robot">
      <UniqueIdentifier>{5142ac0b-6583-4f29-9599-c4fcdc5accd7}</UniqueIdentifier>
    </Filter>
    <Filter Include="Model\Static">
      <UniqueIdentifier>{e2ac3ff9-becd-49fb-b010-fa9d8e3356f6}</UniqueIdentifier>
    </Filter>
    <Filter Include="Model\Helper">
      <UniqueIdentifier>{56d716df-b3e9-4b9b-b7d3-ff5c37cb28fe}</UniqueIdentifier>
    </Filter>
    <Filter Include="Libraries">
      <UniqueIdentifier>{f60e49fe-7773-48a6-b236-01ea4180fe06}</UniqueIdentifier>
    </Filter>
    <Filter Include="Model\Player">
      <UniqueIdentifier>{c41e61d2-6734-4bfb-8eba-45e1e29475a6}</UniqueIdentifier>
    </Filter>
    <Filter Include="Model\Buildings">
      <UniqueIdentifier>{0ad8302d-d3d7-43bd-a05f-d6cd863fc91f}</UniqueIdentifier>
    </Filter>
    <Filter Include="Helper">
      <UniqueIdentifier>{ac287395-8245-4754-8712-82fbc41a6b3f}</UniqueIdentifier>
    </Filter>
    <Filter Include="Model\Light">
      <UniqueIdentifier>{77469393-b200-4e59-8a66-a3bdfff0fbc5}</UniqueIdentifier>
    </Filter>
    <Filter Include="Model\Material">
      <UniqueIdentifier>{80fa8087-eb1c-40ce-9783-55f2f581e487}</UniqueIdentifier>
    </Filter>
    <Filter Include="Managers">
      <UniqueIdentifier>{81599fcd-2db6-417b-b4be-f25596df8a77}</UniqueIdentifier>
    </Filter>
  </ItemGroup>
  <ItemGroup>
    <Library Include="..\library\freeglut_static.lib">
      <Filter>Libraries</Filter>
    </Library>
  </ItemGroup>
</Project>