<?xml version="1.0" encoding="utf-8"?>
<Project ToolsVersion="4.0" xmlns="http://schemas.microsoft.com/developer/msbuild/2003">
  <ItemGroup>
    <ClCompile Include="main.cpp" />
    <ClCompile Include="LevelRenderer.cpp">
      <Filter>Model</Filter>
    </ClCompile>
    <ClCompile Include="Model.cpp">
      <Filter>Model</Filter>
    </ClCompile>
    <ClCompile Include="PlayerModel.cpp">
      <Filter>Model</Filter>
    </ClCompile>
    <ClCompile Include="Player.cpp">
      <Filter>Logic</Filter>
    </ClCompile>
    <ClCompile Include="AntennaModel.cpp">
      <Filter>Model\Static</Filter>
    </ClCompile>
    <ClCompile Include="FenceModel.cpp">
      <Filter>Model\Static</Filter>
    </ClCompile>
    <ClCompile Include="CannonModel.cpp">
      <Filter>Model\Robot\Middle</Filter>
    </ClCompile>
    <ClCompile Include="ElectronicsModel.cpp">
      <Filter>Model\Robot\Top</Filter>
    </ClCompile>
    <ClCompile Include="GeoHelper.cpp">
      <Filter>Model\Helper</Filter>
    </ClCompile>
    <ClCompile Include="GrassModel.cpp">
      <Filter>Model\Static</Filter>
    </ClCompile>
    <ClCompile Include="HalfHollowBlockModel.cpp">
      <Filter>Model\Static</Filter>
    </ClCompile>
    <ClCompile Include="HalfPlainBlockModel.cpp">
      <Filter>Model\Static</Filter>
    </ClCompile>
    <ClCompile Include="HollowBlockModel.cpp">
      <Filter>Model\Static</Filter>
    </ClCompile>
    <ClCompile Include="MissileLauncherModel.cpp">
      <Filter>Model\Robot\Middle</Filter>
    </ClCompile>
    <ClCompile Include="MountainModel.cpp">
      <Filter>Model\Static</Filter>
    </ClCompile>
    <ClCompile Include="NuclearModel.cpp">
      <Filter>Model\Robot\Top</Filter>
    </ClCompile>
    <ClCompile Include="PitModel.cpp">
      <Filter>Model\Static</Filter>
    </ClCompile>
    <ClCompile Include="PlainBlockModel.cpp">
      <Filter>Model\Static</Filter>
    </ClCompile>
    <ClCompile Include="TeamNumberModel.cpp">
      <Filter>Model\Static</Filter>
    </ClCompile>
    <ClCompile Include="PhaserModel.cpp">
      <Filter>Model\Robot\Middle</Filter>
    </ClCompile>
    <ClCompile Include="Fence.cpp">
      <Filter>Logic\Static</Filter>
    </ClCompile>
    <ClCompile Include="Grass.cpp">
      <Filter>Logic\Static</Filter>
    </ClCompile>
    <ClCompile Include="HalfHollowBlock.cpp">
      <Filter>Logic\Static</Filter>
    </ClCompile>
    <ClCompile Include="HalfPlainBlock.cpp">
      <Filter>Logic\Static</Filter>
    </ClCompile>
    <ClCompile Include="HollowBlock.cpp">
      <Filter>Logic\Static</Filter>
    </ClCompile>
    <ClCompile Include="Pit.cpp">
      <Filter>Logic\Static</Filter>
    </ClCompile>
    <ClCompile Include="PlainBlock.cpp">
      <Filter>Logic\Static</Filter>
    </ClCompile>
    <ClCompile Include="Cannon.cpp">
      <Filter>Logic\Robot\Middle</Filter>
    </ClCompile>
    <ClCompile Include="Electronics.cpp">
      <Filter>Logic\Robot\Top</Filter>
    </ClCompile>
    <ClCompile Include="MissileLauncher.cpp">
      <Filter>Logic\Robot\Middle</Filter>
    </ClCompile>
    <ClCompile Include="Mountain.cpp">
      <Filter>Logic\Static</Filter>
    </ClCompile>
    <ClCompile Include="Nuclear.cpp">
      <Filter>Logic\Robot\Top</Filter>
    </ClCompile>
    <ClCompile Include="Phaser.cpp">
      <Filter>Logic\Robot\Middle</Filter>
    </ClCompile>
    <ClCompile Include="HillsModel.cpp">
      <Filter>Model\Static</Filter>
    </ClCompile>
    <ClCompile Include="LightRubbleModel.cpp">
      <Filter>Model\Static</Filter>
    </ClCompile>
    <ClCompile Include="BaseModel.cpp">
      <Filter>Model\Static</Filter>
    </ClCompile>
    <ClCompile Include="Base.cpp">
      <Filter>Logic\Static</Filter>
    </ClCompile>
  </ItemGroup>
  <ItemGroup>
    <ClInclude Include="GameIncludes.h" />
    <ClInclude Include="LevelRenderer.h">
      <Filter>Model</Filter>
    </ClInclude>
    <ClInclude Include="Model.h">
      <Filter>Model</Filter>
    </ClInclude>
    <ClInclude Include="PlayerModel.h">
      <Filter>Model</Filter>
    </ClInclude>
    <ClInclude Include="Player.h">
      <Filter>Logic</Filter>
    </ClInclude>
    <ClInclude Include="AntennaModel.h">
      <Filter>Model\Static</Filter>
    </ClInclude>
    <ClInclude Include="FenceModel.h">
      <Filter>Model\Static</Filter>
    </ClInclude>
    <ClInclude Include="CannonModel.h">
      <Filter>Model\Robot\Middle</Filter>
    </ClInclude>
    <ClInclude Include="ElectronicsModel.h">
      <Filter>Model\Robot\Top</Filter>
    </ClInclude>
    <ClInclude Include="GeoHelper.h">
      <Filter>Model\Helper</Filter>
    </ClInclude>
    <ClInclude Include="GrassModel.h">
      <Filter>Model\Static</Filter>
    </ClInclude>
    <ClInclude Include="HalfHollowBlockModel.h">
      <Filter>Model\Static</Filter>
    </ClInclude>
    <ClInclude Include="HalfPlainBlockModel.h">
      <Filter>Model\Static</Filter>
    </ClInclude>
    <ClInclude Include="HollowBlockModel.h">
      <Filter>Model\Static</Filter>
    </ClInclude>
    <ClInclude Include="MissileLauncherModel.h">
      <Filter>Model\Robot\Middle</Filter>
    </ClInclude>
    <ClInclude Include="MountainModel.h">
      <Filter>Model\Static</Filter>
    </ClInclude>
    <ClInclude Include="NuclearModel.h">
      <Filter>Model\Robot\Top</Filter>
    </ClInclude>
    <ClInclude Include="PitModel.h">
      <Filter>Model\Static</Filter>
    </ClInclude>
    <ClInclude Include="PlainBlockModel.h">
      <Filter>Model\Static</Filter>
    </ClInclude>
    <ClInclude Include="TeamNumberModel.h">
      <Filter>Model\Static</Filter>
    </ClInclude>
    <ClInclude Include="PhaserModel.h">
      <Filter>Model\Robot\Middle</Filter>
    </ClInclude>
    <ClInclude Include="Fence.h">
      <Filter>Logic\Static</Filter>
    </ClInclude>
    <ClInclude Include="Grass.h">
      <Filter>Logic\Static</Filter>
    </ClInclude>
    <ClInclude Include="HalfHollowBlock.h">
      <Filter>Logic\Static</Filter>
    </ClInclude>
    <ClInclude Include="HalfPlainBlock.h">
      <Filter>Logic\Static</Filter>
    </ClInclude>
    <ClInclude Include="HollowBlock.h">
      <Filter>Logic\Static</Filter>
    </ClInclude>
    <ClInclude Include="Pit.h">
      <Filter>Logic\Static</Filter>
    </ClInclude>
    <ClInclude Include="PlainBlock.h">
      <Filter>Logic\Static</Filter>
    </ClInclude>
    <ClInclude Include="Cannon.h">
      <Filter>Logic\Robot\Middle</Filter>
    </ClInclude>
    <ClInclude Include="Electronics.h">
      <Filter>Logic\Robot\Top</Filter>
    </ClInclude>
    <ClInclude Include="MissileLauncher.h">
      <Filter>Logic\Robot\Middle</Filter>
    </ClInclude>
    <ClInclude Include="Mountain.h">
      <Filter>Logic\Static</Filter>
    </ClInclude>
    <ClInclude Include="Nuclear.h">
      <Filter>Logic\Robot\Top</Filter>
    </ClInclude>
    <ClInclude Include="Phaser.h">
      <Filter>Logic\Robot\Middle</Filter>
    </ClInclude>
    <ClInclude Include="HillsModel.h">
      <Filter>Model\Static</Filter>
    </ClInclude>
    <ClInclude Include="LightRubbleModel.h">
      <Filter>Model\Static</Filter>
    </ClInclude>
    <ClInclude Include="BaseModel.h">
      <Filter>Model\Static</Filter>
    </ClInclude>
    <ClInclude Include="Base.h">
      <Filter>Logic\Static</Filter>
    </ClInclude>
  </ItemGroup>
  <ItemGroup>
    <Library Include="..\library\freeglut_static.lib" />
  </ItemGroup>
  <ItemGroup>
    <Filter Include="Model">
      <UniqueIdentifier>{f28a1f67-d6d5-45b6-83fc-b8ebe7d1cbab}</UniqueIdentifier>
    </Filter>
    <Filter Include="Logic">
      <UniqueIdentifier>{a4e0d1d8-039e-4804-bae3-a48692c36326}</UniqueIdentifier>
    </Filter>
    <Filter Include="Model\Robot">
      <UniqueIdentifier>{5142ac0b-6583-4f29-9599-c4fcdc5accd7}</UniqueIdentifier>
    </Filter>
    <Filter Include="Model\Robot\Bottom">
      <UniqueIdentifier>{7b69e01b-7182-4070-8a81-404e85cbb2f8}</UniqueIdentifier>
    </Filter>
    <Filter Include="Model\Robot\Middle">
      <UniqueIdentifier>{a92cf620-dff5-48ce-8e9e-bcdd1f01a998}</UniqueIdentifier>
    </Filter>
    <Filter Include="Model\Robot\Top">
      <UniqueIdentifier>{80b365d6-8305-4900-af60-dc5dbbddf28c}</UniqueIdentifier>
    </Filter>
    <Filter Include="Model\Static">
      <UniqueIdentifier>{e2ac3ff9-becd-49fb-b010-fa9d8e3356f6}</UniqueIdentifier>
    </Filter>
    <Filter Include="Model\Helper">
      <UniqueIdentifier>{56d716df-b3e9-4b9b-b7d3-ff5c37cb28fe}</UniqueIdentifier>
    </Filter>
    <Filter Include="Logic\Static">
      <UniqueIdentifier>{caeebbf5-ee10-4b1f-add8-7bc266aecadc}</UniqueIdentifier>
    </Filter>
    <Filter Include="Logic\Robot">
      <UniqueIdentifier>{9e27b7c1-2d5b-4463-b915-e6189d529887}</UniqueIdentifier>
    </Filter>
    <Filter Include="Logic\Robot\Middle">
      <UniqueIdentifier>{b84b445b-bc8b-40db-8804-49696f2b230f}</UniqueIdentifier>
    </Filter>
    <Filter Include="Logic\Robot\Bottom">
      <UniqueIdentifier>{e8a1baa4-5e8e-4f0f-8184-cf60e01b77ed}</UniqueIdentifier>
    </Filter>
    <Filter Include="Logic\Robot\Top">
      <UniqueIdentifier>{7c11c48d-d226-47fd-a2ca-09aac7ee24cf}</UniqueIdentifier>
    </Filter>
  </ItemGroup>
</Project>