<?xml version="1.0" encoding="utf-8"?>
<Project ToolsVersion="4.0" xmlns="http://schemas.microsoft.com/developer/msbuild/2003">
  <ItemGroup>
    <Filter Include="Source Files">
      <UniqueIdentifier>{4FC737F1-C7A5-4376-A066-2A32D752A2FF}</UniqueIdentifier>
      <Extensions>cpp;c;cc;cxx;def;odl;idl;hpj;bat;asm;asmx</Extensions>
    </Filter>
    <Filter Include="Header Files">
      <UniqueIdentifier>{93995380-89BD-4b04-88EB-625FBE52EBFB}</UniqueIdentifier>
      <Extensions>h;hpp;hxx;hm;inl;inc;xsd</Extensions>
    </Filter>
    <Filter Include="Resource Files">
      <UniqueIdentifier>{67DA6AB6-F800-4c08-8B7A-83BB121AAD01}</UniqueIdentifier>
      <Extensions>rc;ico;cur;bmp;dlg;rc2;rct;bin;rgs;gif;jpg;jpeg;jpe;resx;tiff;tif;png;wav;mfcribbon-ms</Extensions>
    </Filter>
    <Filter Include="Source Files\Models">
      <UniqueIdentifier>{2f39b4fe-1306-497b-aca7-580c9691ff0c}</UniqueIdentifier>
    </Filter>
  </ItemGroup>
  <ItemGroup>
    <ClCompile Include="main.cpp">
      <Filter>Source Files</Filter>
    </ClCompile>
    <ClCompile Include="Player.cpp">
      <Filter>Source Files</Filter>
    </ClCompile>
    <ClCompile Include="Model.cpp">
      <Filter>Source Files\Models</Filter>
    </ClCompile>
    <ClCompile Include="AntennaModel.cpp">
      <Filter>Source Files\Models</Filter>
    </ClCompile>
    <ClCompile Include="PlayerModel.cpp">
      <Filter>Source Files\Models</Filter>
    </ClCompile>
    <ClCompile Include="MountainModel.cpp">
      <Filter>Source Files\Models</Filter>
    </ClCompile>
    <ClCompile Include="FenceModel.cpp">
      <Filter>Source Files\Models</Filter>
    </ClCompile>
    <ClCompile Include="Mountain.cpp">
      <Filter>Source Files</Filter>
    </ClCompile>
    <ClCompile Include="Fence.cpp">
      <Filter>Source Files</Filter>
    </ClCompile>
    <ClCompile Include="GrassModel.cpp">
      <Filter>Source Files\Models</Filter>
    </ClCompile>
    <ClCompile Include="TeamNumberModel.cpp">
      <Filter>Source Files\Models</Filter>
    </ClCompile>
    <ClCompile Include="Grass.cpp">
      <Filter>Source Files</Filter>
    </ClCompile>
    <ClCompile Include="LevelRenderer.cpp">
      <Filter>Source Files</Filter>
    </ClCompile>
  </ItemGroup>
  <ItemGroup>
    <Library Include="..\library\freeglut_static.lib" />
  </ItemGroup>
  <ItemGroup>
    <ClInclude Include="Player.h">
      <Filter>Source Files</Filter>
    </ClInclude>
    <ClInclude Include="Model.h">
      <Filter>Source Files\Models</Filter>
    </ClInclude>
    <ClInclude Include="AntennaModel.h">
      <Filter>Source Files\Models</Filter>
    </ClInclude>
    <ClInclude Include="PlayerModel.h">
      <Filter>Source Files\Models</Filter>
    </ClInclude>
    <ClInclude Include="MountainModel.h">
      <Filter>Source Files\Models</Filter>
    </ClInclude>
    <ClInclude Include="FenceModel.h">
      <Filter>Source Files\Models</Filter>
    </ClInclude>
    <ClInclude Include="Mountain.h">
      <Filter>Source Files</Filter>
    </ClInclude>
    <ClInclude Include="Fence.h">
      <Filter>Source Files</Filter>
    </ClInclude>
    <ClInclude Include="GrassModel.h">
      <Filter>Source Files\Models</Filter>
    </ClInclude>
    <ClInclude Include="TeamNumberModel.h">
      <Filter>Source Files\Models</Filter>
    </ClInclude>
    <ClInclude Include="Grass.h">
      <Filter>Source Files</Filter>
    </ClInclude>
    <ClInclude Include="LevelRenderer.h">
      <Filter>Source Files</Filter>
    </ClInclude>
  </ItemGroup>
</Project>